// !$*UTF8*$!
{
	archiveVersion = 1;
	classes = {
	};
	objectVersion = 77;
	objects = {

/* Begin PBXBuildFile section */
		FE6BE3B72E026C9A00651E9A /* WidgetKit.framework in Frameworks */ = {isa = PBXBuildFile; fileRef = FE6BE3B62E026C9A00651E9A /* WidgetKit.framework */; };
		FE6BE3B92E026C9A00651E9A /* SwiftUI.framework in Frameworks */ = {isa = PBXBuildFile; fileRef = FE6BE3B82E026C9A00651E9A /* SwiftUI.framework */; };
		FE6BE3C82E026C9B00651E9A /* WeatherWidgetExtension.appex in Embed Foundation Extensions */ = {isa = PBXBuildFile; fileRef = FE6BE3B42E026C9A00651E9A /* WeatherWidgetExtension.appex */; settings = {ATTRIBUTES = (RemoveHeadersOnCopy, ); }; };
/* End PBXBuildFile section */

/* Begin PBXContainerItemProxy section */
		FE6BE3932E026BF000651E9A /* PBXContainerItemProxy */ = {
			isa = PBXContainerItemProxy;
			containerPortal = FE6BE37A2E026BEF00651E9A /* Project object */;
			proxyType = 1;
			remoteGlobalIDString = FE6BE3812E026BEF00651E9A;
			remoteInfo = tempo;
		};
		FE6BE39D2E026BF000651E9A /* PBXContainerItemProxy */ = {
			isa = PBXContainerItemProxy;
			containerPortal = FE6BE37A2E026BEF00651E9A /* Project object */;
			proxyType = 1;
			remoteGlobalIDString = FE6BE3812E026BEF00651E9A;
			remoteInfo = tempo;
		};
		FE6BE3C62E026C9B00651E9A /* PBXContainerItemProxy */ = {
			isa = PBXContainerItemProxy;
			containerPortal = FE6BE37A2E026BEF00651E9A /* Project object */;
			proxyType = 1;
			remoteGlobalIDString = FE6BE3B32E026C9A00651E9A;
			remoteInfo = WeatherWidgetExtension;
		};
/* End PBXContainerItemProxy section */

/* Begin PBXCopyFilesBuildPhase section */
		FE6BE3CD2E026C9B00651E9A /* Embed Foundation Extensions */ = {
			isa = PBXCopyFilesBuildPhase;
			buildActionMask = 2147483647;
			dstPath = "";
			dstSubfolderSpec = 13;
			files = (
				FE6BE3C82E026C9B00651E9A /* WeatherWidgetExtension.appex in Embed Foundation Extensions */,
			);
			name = "Embed Foundation Extensions";
			runOnlyForDeploymentPostprocessing = 0;
		};
/* End PBXCopyFilesBuildPhase section */

/* Begin PBXFileReference section */
		FE6BE3822E026BEF00651E9A /* tempo.app */ = {isa = PBXFileReference; explicitFileType = wrapper.application; includeInIndex = 0; path = tempo.app; sourceTree = BUILT_PRODUCTS_DIR; };
		FE6BE3922E026BF000651E9A /* tempoTests.xctest */ = {isa = PBXFileReference; explicitFileType = wrapper.cfbundle; includeInIndex = 0; path = tempoTests.xctest; sourceTree = BUILT_PRODUCTS_DIR; };
		FE6BE39C2E026BF000651E9A /* tempoUITests.xctest */ = {isa = PBXFileReference; explicitFileType = wrapper.cfbundle; includeInIndex = 0; path = tempoUITests.xctest; sourceTree = BUILT_PRODUCTS_DIR; };
		FE6BE3B42E026C9A00651E9A /* WeatherWidgetExtension.appex */ = {isa = PBXFileReference; explicitFileType = "wrapper.app-extension"; includeInIndex = 0; path = WeatherWidgetExtension.appex; sourceTree = BUILT_PRODUCTS_DIR; };
		FE6BE3B62E026C9A00651E9A /* WidgetKit.framework */ = {isa = PBXFileReference; lastKnownFileType = wrapper.framework; name = WidgetKit.framework; path = System/Library/Frameworks/WidgetKit.framework; sourceTree = SDKROOT; };
		FE6BE3B82E026C9A00651E9A /* SwiftUI.framework */ = {isa = PBXFileReference; lastKnownFileType = wrapper.framework; name = SwiftUI.framework; path = System/Library/Frameworks/SwiftUI.framework; sourceTree = SDKROOT; };
		FE6BE3CF2E026EF600651E9A /* WeatherWidgetExtension.entitlements */ = {isa = PBXFileReference; lastKnownFileType = text.plist.entitlements; path = WeatherWidgetExtension.entitlements; sourceTree = "<group>"; };
/* End PBXFileReference section */

/* Begin PBXFileSystemSynchronizedBuildFileExceptionSet section */
		FE6BE3C92E026C9B00651E9A /* Exceptions for "WeatherWidget" folder in "WeatherWidgetExtension" target */ = {
			isa = PBXFileSystemSynchronizedBuildFileExceptionSet;
			membershipExceptions = (
				Info.plist,
			);
			target = FE6BE3B32E026C9A00651E9A /* WeatherWidgetExtension */;
		};
/* End PBXFileSystemSynchronizedBuildFileExceptionSet section */

/* Begin PBXFileSystemSynchronizedRootGroup section */
		FE6BE3842E026BEF00651E9A /* tempo */ = {
			isa = PBXFileSystemSynchronizedRootGroup;
			path = tempo;
			sourceTree = "<group>";
		};
		FE6BE3952E026BF000651E9A /* tempoTests */ = {
			isa = PBXFileSystemSynchronizedRootGroup;
			path = tempoTests;
			sourceTree = "<group>";
		};
		FE6BE39F2E026BF000651E9A /* tempoUITests */ = {
			isa = PBXFileSystemSynchronizedRootGroup;
			path = tempoUITests;
			sourceTree = "<group>";
		};
		FE6BE3BA2E026C9A00651E9A /* WeatherWidget */ = {
			isa = PBXFileSystemSynchronizedRootGroup;
			exceptions = (
				FE6BE3C92E026C9B00651E9A /* Exceptions for "WeatherWidget" folder in "WeatherWidgetExtension" target */,
			);
			path = WeatherWidget;
			sourceTree = "<group>";
		};
/* End PBXFileSystemSynchronizedRootGroup section */

/* Begin PBXFrameworksBuildPhase section */
		FE6BE37F2E026BEF00651E9A /* Frameworks */ = {
			isa = PBXFrameworksBuildPhase;
			buildActionMask = 2147483647;
			files = (
			);
			runOnlyForDeploymentPostprocessing = 0;
		};
		FE6BE38F2E026BF000651E9A /* Frameworks */ = {
			isa = PBXFrameworksBuildPhase;
			buildActionMask = 2147483647;
			files = (
			);
			runOnlyForDeploymentPostprocessing = 0;
		};
		FE6BE3992E026BF000651E9A /* Frameworks */ = {
			isa = PBXFrameworksBuildPhase;
			buildActionMask = 2147483647;
			files = (
			);
			runOnlyForDeploymentPostprocessing = 0;
		};
		FE6BE3B12E026C9A00651E9A /* Frameworks */ = {
			isa = PBXFrameworksBuildPhase;
			buildActionMask = 2147483647;
			files = (
				FE6BE3B92E026C9A00651E9A /* SwiftUI.framework in Frameworks */,
				FE6BE3B72E026C9A00651E9A /* WidgetKit.framework in Frameworks */,
			);
			runOnlyForDeploymentPostprocessing = 0;
		};
/* End PBXFrameworksBuildPhase section */

/* Begin PBXGroup section */
		FE6BE3792E026BEF00651E9A = {
			isa = PBXGroup;
			children = (
				FE6BE3CF2E026EF600651E9A /* WeatherWidgetExtension.entitlements */,
				FE6BE3842E026BEF00651E9A /* tempo */,
				FE6BE3952E026BF000651E9A /* tempoTests */,
				FE6BE39F2E026BF000651E9A /* tempoUITests */,
				FE6BE3BA2E026C9A00651E9A /* WeatherWidget */,
				FE6BE3B52E026C9A00651E9A /* Frameworks */,
				FE6BE3832E026BEF00651E9A /* Products */,
			);
			sourceTree = "<group>";
		};
		FE6BE3832E026BEF00651E9A /* Products */ = {
			isa = PBXGroup;
			children = (
				FE6BE3822E026BEF00651E9A /* tempo.app */,
				FE6BE3922E026BF000651E9A /* tempoTests.xctest */,
				FE6BE39C2E026BF000651E9A /* tempoUITests.xctest */,
				FE6BE3B42E026C9A00651E9A /* WeatherWidgetExtension.appex */,
			);
			name = Products;
			sourceTree = "<group>";
		};
		FE6BE3B52E026C9A00651E9A /* Frameworks */ = {
			isa = PBXGroup;
			children = (
				FE6BE3B62E026C9A00651E9A /* WidgetKit.framework */,
				FE6BE3B82E026C9A00651E9A /* SwiftUI.framework */,
			);
			name = Frameworks;
			sourceTree = "<group>";
		};
/* End PBXGroup section */

/* Begin PBXNativeTarget section */
		FE6BE3812E026BEF00651E9A /* tempo */ = {
			isa = PBXNativeTarget;
			buildConfigurationList = FE6BE3A62E026BF000651E9A /* Build configuration list for PBXNativeTarget "tempo" */;
			buildPhases = (
				FE6BE37E2E026BEF00651E9A /* Sources */,
				FE6BE37F2E026BEF00651E9A /* Frameworks */,
				FE6BE3802E026BEF00651E9A /* Resources */,
				FE6BE3CD2E026C9B00651E9A /* Embed Foundation Extensions */,
			);
			buildRules = (
			);
			dependencies = (
				FE6BE3C72E026C9B00651E9A /* PBXTargetDependency */,
			);
			fileSystemSynchronizedGroups = (
				FE6BE3842E026BEF00651E9A /* tempo */,
			);
			name = tempo;
			packageProductDependencies = (
			);
			productName = tempo;
			productReference = FE6BE3822E026BEF00651E9A /* tempo.app */;
			productType = "com.apple.product-type.application";
		};
		FE6BE3912E026BF000651E9A /* tempoTests */ = {
			isa = PBXNativeTarget;
			buildConfigurationList = FE6BE3A92E026BF000651E9A /* Build configuration list for PBXNativeTarget "tempoTests" */;
			buildPhases = (
				FE6BE38E2E026BF000651E9A /* Sources */,
				FE6BE38F2E026BF000651E9A /* Frameworks */,
				FE6BE3902E026BF000651E9A /* Resources */,
			);
			buildRules = (
			);
			dependencies = (
				FE6BE3942E026BF000651E9A /* PBXTargetDependency */,
			);
			fileSystemSynchronizedGroups = (
				FE6BE3952E026BF000651E9A /* tempoTests */,
			);
			name = tempoTests;
			packageProductDependencies = (
			);
			productName = tempoTests;
			productReference = FE6BE3922E026BF000651E9A /* tempoTests.xctest */;
			productType = "com.apple.product-type.bundle.unit-test";
		};
		FE6BE39B2E026BF000651E9A /* tempoUITests */ = {
			isa = PBXNativeTarget;
			buildConfigurationList = FE6BE3AC2E026BF000651E9A /* Build configuration list for PBXNativeTarget "tempoUITests" */;
			buildPhases = (
				FE6BE3982E026BF000651E9A /* Sources */,
				FE6BE3992E026BF000651E9A /* Frameworks */,
				FE6BE39A2E026BF000651E9A /* Resources */,
			);
			buildRules = (
			);
			dependencies = (
				FE6BE39E2E026BF000651E9A /* PBXTargetDependency */,
			);
			fileSystemSynchronizedGroups = (
				FE6BE39F2E026BF000651E9A /* tempoUITests */,
			);
			name = tempoUITests;
			packageProductDependencies = (
			);
			productName = tempoUITests;
			productReference = FE6BE39C2E026BF000651E9A /* tempoUITests.xctest */;
			productType = "com.apple.product-type.bundle.ui-testing";
		};
		FE6BE3B32E026C9A00651E9A /* WeatherWidgetExtension */ = {
			isa = PBXNativeTarget;
			buildConfigurationList = FE6BE3CA2E026C9B00651E9A /* Build configuration list for PBXNativeTarget "WeatherWidgetExtension" */;
			buildPhases = (
				FE6BE3B02E026C9A00651E9A /* Sources */,
				FE6BE3B12E026C9A00651E9A /* Frameworks */,
				FE6BE3B22E026C9A00651E9A /* Resources */,
			);
			buildRules = (
			);
			dependencies = (
			);
			fileSystemSynchronizedGroups = (
				FE6BE3BA2E026C9A00651E9A /* WeatherWidget */,
			);
			name = WeatherWidgetExtension;
			packageProductDependencies = (
			);
			productName = WeatherWidgetExtension;
			productReference = FE6BE3B42E026C9A00651E9A /* WeatherWidgetExtension.appex */;
			productType = "com.apple.product-type.app-extension";
		};
/* End PBXNativeTarget section */

/* Begin PBXProject section */
		FE6BE37A2E026BEF00651E9A /* Project object */ = {
			isa = PBXProject;
			attributes = {
				BuildIndependentTargetsInParallel = 1;
				LastSwiftUpdateCheck = 1620;
				LastUpgradeCheck = 1620;
				TargetAttributes = {
					FE6BE3812E026BEF00651E9A = {
						CreatedOnToolsVersion = 16.2;
					};
					FE6BE3912E026BF000651E9A = {
						CreatedOnToolsVersion = 16.2;
						TestTargetID = FE6BE3812E026BEF00651E9A;
					};
					FE6BE39B2E026BF000651E9A = {
						CreatedOnToolsVersion = 16.2;
						TestTargetID = FE6BE3812E026BEF00651E9A;
					};
					FE6BE3B32E026C9A00651E9A = {
						CreatedOnToolsVersion = 16.2;
					};
				};
			};
			buildConfigurationList = FE6BE37D2E026BEF00651E9A /* Build configuration list for PBXProject "tempo" */;
			developmentRegion = en;
			hasScannedForEncodings = 0;
			knownRegions = (
				en,
				Base,
			);
			mainGroup = FE6BE3792E026BEF00651E9A;
			minimizedProjectReferenceProxies = 1;
			preferredProjectObjectVersion = 77;
			productRefGroup = FE6BE3832E026BEF00651E9A /* Products */;
			projectDirPath = "";
			projectRoot = "";
			targets = (
				FE6BE3812E026BEF00651E9A /* tempo */,
				FE6BE3912E026BF000651E9A /* tempoTests */,
				FE6BE39B2E026BF000651E9A /* tempoUITests */,
				FE6BE3B32E026C9A00651E9A /* WeatherWidgetExtension */,
			);
		};
/* End PBXProject section */

/* Begin PBXResourcesBuildPhase section */
		FE6BE3802E026BEF00651E9A /* Resources */ = {
			isa = PBXResourcesBuildPhase;
			buildActionMask = 2147483647;
			files = (
			);
			runOnlyForDeploymentPostprocessing = 0;
		};
		FE6BE3902E026BF000651E9A /* Resources */ = {
			isa = PBXResourcesBuildPhase;
			buildActionMask = 2147483647;
			files = (
			);
			runOnlyForDeploymentPostprocessing = 0;
		};
		FE6BE39A2E026BF000651E9A /* Resources */ = {
			isa = PBXResourcesBuildPhase;
			buildActionMask = 2147483647;
			files = (
			);
			runOnlyForDeploymentPostprocessing = 0;
		};
		FE6BE3B22E026C9A00651E9A /* Resources */ = {
			isa = PBXResourcesBuildPhase;
			buildActionMask = 2147483647;
			files = (
			);
			runOnlyForDeploymentPostprocessing = 0;
		};
/* End PBXResourcesBuildPhase section */

/* Begin PBXSourcesBuildPhase section */
		FE6BE37E2E026BEF00651E9A /* Sources */ = {
			isa = PBXSourcesBuildPhase;
			buildActionMask = 2147483647;
			files = (
			);
			runOnlyForDeploymentPostprocessing = 0;
		};
		FE6BE38E2E026BF000651E9A /* Sources */ = {
			isa = PBXSourcesBuildPhase;
			buildActionMask = 2147483647;
			files = (
			);
			runOnlyForDeploymentPostprocessing = 0;
		};
		FE6BE3982E026BF000651E9A /* Sources */ = {
			isa = PBXSourcesBuildPhase;
			buildActionMask = 2147483647;
			files = (
			);
			runOnlyForDeploymentPostprocessing = 0;
		};
		FE6BE3B02E026C9A00651E9A /* Sources */ = {
			isa = PBXSourcesBuildPhase;
			buildActionMask = 2147483647;
			files = (
			);
			runOnlyForDeploymentPostprocessing = 0;
		};
/* End PBXSourcesBuildPhase section */

/* Begin PBXTargetDependency section */
		FE6BE3942E026BF000651E9A /* PBXTargetDependency */ = {
			isa = PBXTargetDependency;
			target = FE6BE3812E026BEF00651E9A /* tempo */;
			targetProxy = FE6BE3932E026BF000651E9A /* PBXContainerItemProxy */;
		};
		FE6BE39E2E026BF000651E9A /* PBXTargetDependency */ = {
			isa = PBXTargetDependency;
			target = FE6BE3812E026BEF00651E9A /* tempo */;
			targetProxy = FE6BE39D2E026BF000651E9A /* PBXContainerItemProxy */;
		};
		FE6BE3C72E026C9B00651E9A /* PBXTargetDependency */ = {
			isa = PBXTargetDependency;
			target = FE6BE3B32E026C9A00651E9A /* WeatherWidgetExtension */;
			targetProxy = FE6BE3C62E026C9B00651E9A /* PBXContainerItemProxy */;
		};
/* End PBXTargetDependency section */

/* Begin XCBuildConfiguration section */
		FE6BE3A42E026BF000651E9A /* Debug */ = {
			isa = XCBuildConfiguration;
			buildSettings = {
				ALWAYS_SEARCH_USER_PATHS = NO;
				ASSETCATALOG_COMPILER_GENERATE_SWIFT_ASSET_SYMBOL_EXTENSIONS = YES;
				CLANG_ANALYZER_NONNULL = YES;
				CLANG_ANALYZER_NUMBER_OBJECT_CONVERSION = YES_AGGRESSIVE;
				CLANG_CXX_LANGUAGE_STANDARD = "gnu++20";
				CLANG_ENABLE_MODULES = YES;
				CLANG_ENABLE_OBJC_ARC = YES;
				CLANG_ENABLE_OBJC_WEAK = YES;
				CLANG_WARN_BLOCK_CAPTURE_AUTORELEASING = YES;
				CLANG_WARN_BOOL_CONVERSION = YES;
				CLANG_WARN_COMMA = YES;
				CLANG_WARN_CONSTANT_CONVERSION = YES;
				CLANG_WARN_DEPRECATED_OBJC_IMPLEMENTATIONS = YES;
				CLANG_WARN_DIRECT_OBJC_ISA_USAGE = YES_ERROR;
				CLANG_WARN_DOCUMENTATION_COMMENTS = YES;
				CLANG_WARN_EMPTY_BODY = YES;
				CLANG_WARN_ENUM_CONVERSION = YES;
				CLANG_WARN_INFINITE_RECURSION = YES;
				CLANG_WARN_INT_CONVERSION = YES;
				CLANG_WARN_NON_LITERAL_NULL_CONVERSION = YES;
				CLANG_WARN_OBJC_IMPLICIT_RETAIN_SELF = YES;
				CLANG_WARN_OBJC_LITERAL_CONVERSION = YES;
				CLANG_WARN_OBJC_ROOT_CLASS = YES_ERROR;
				CLANG_WARN_QUOTED_INCLUDE_IN_FRAMEWORK_HEADER = YES;
				CLANG_WARN_RANGE_LOOP_ANALYSIS = YES;
				CLANG_WARN_STRICT_PROTOTYPES = YES;
				CLANG_WARN_SUSPICIOUS_MOVE = YES;
				CLANG_WARN_UNGUARDED_AVAILABILITY = YES_AGGRESSIVE;
				CLANG_WARN_UNREACHABLE_CODE = YES;
				CLANG_WARN__DUPLICATE_METHOD_MATCH = YES;
				COPY_PHASE_STRIP = NO;
				DEBUG_INFORMATION_FORMAT = dwarf;
				ENABLE_STRICT_OBJC_MSGSEND = YES;
				ENABLE_TESTABILITY = YES;
				ENABLE_USER_SCRIPT_SANDBOXING = YES;
				GCC_C_LANGUAGE_STANDARD = gnu17;
				GCC_DYNAMIC_NO_PIC = NO;
				GCC_NO_COMMON_BLOCKS = YES;
				GCC_OPTIMIZATION_LEVEL = 0;
				GCC_PREPROCESSOR_DEFINITIONS = (
					"DEBUG=1",
					"$(inherited)",
				);
				GCC_WARN_64_TO_32_BIT_CONVERSION = YES;
				GCC_WARN_ABOUT_RETURN_TYPE = YES_ERROR;
				GCC_WARN_UNDECLARED_SELECTOR = YES;
				GCC_WARN_UNINITIALIZED_AUTOS = YES_AGGRESSIVE;
				GCC_WARN_UNUSED_FUNCTION = YES;
				GCC_WARN_UNUSED_VARIABLE = YES;
				IPHONEOS_DEPLOYMENT_TARGET = 18.2;
				LOCALIZATION_PREFERS_STRING_CATALOGS = YES;
				MTL_ENABLE_DEBUG_INFO = INCLUDE_SOURCE;
				MTL_FAST_MATH = YES;
				ONLY_ACTIVE_ARCH = YES;
				SDKROOT = iphoneos;
				SWIFT_ACTIVE_COMPILATION_CONDITIONS = "DEBUG $(inherited)";
				SWIFT_OPTIMIZATION_LEVEL = "-Onone";
			};
			name = Debug;
		};
		FE6BE3A52E026BF000651E9A /* Release */ = {
			isa = XCBuildConfiguration;
			buildSettings = {
				ALWAYS_SEARCH_USER_PATHS = NO;
				ASSETCATALOG_COMPILER_GENERATE_SWIFT_ASSET_SYMBOL_EXTENSIONS = YES;
				CLANG_ANALYZER_NONNULL = YES;
				CLANG_ANALYZER_NUMBER_OBJECT_CONVERSION = YES_AGGRESSIVE;
				CLANG_CXX_LANGUAGE_STANDARD = "gnu++20";
				CLANG_ENABLE_MODULES = YES;
				CLANG_ENABLE_OBJC_ARC = YES;
				CLANG_ENABLE_OBJC_WEAK = YES;
				CLANG_WARN_BLOCK_CAPTURE_AUTORELEASING = YES;
				CLANG_WARN_BOOL_CONVERSION = YES;
				CLANG_WARN_COMMA = YES;
				CLANG_WARN_CONSTANT_CONVERSION = YES;
				CLANG_WARN_DEPRECATED_OBJC_IMPLEMENTATIONS = YES;
				CLANG_WARN_DIRECT_OBJC_ISA_USAGE = YES_ERROR;
				CLANG_WARN_DOCUMENTATION_COMMENTS = YES;
				CLANG_WARN_EMPTY_BODY = YES;
				CLANG_WARN_ENUM_CONVERSION = YES;
				CLANG_WARN_INFINITE_RECURSION = YES;
				CLANG_WARN_INT_CONVERSION = YES;
				CLANG_WARN_NON_LITERAL_NULL_CONVERSION = YES;
				CLANG_WARN_OBJC_IMPLICIT_RETAIN_SELF = YES;
				CLANG_WARN_OBJC_LITERAL_CONVERSION = YES;
				CLANG_WARN_OBJC_ROOT_CLASS = YES_ERROR;
				CLANG_WARN_QUOTED_INCLUDE_IN_FRAMEWORK_HEADER = YES;
				CLANG_WARN_RANGE_LOOP_ANALYSIS = YES;
				CLANG_WARN_STRICT_PROTOTYPES = YES;
				CLANG_WARN_SUSPICIOUS_MOVE = YES;
				CLANG_WARN_UNGUARDED_AVAILABILITY = YES_AGGRESSIVE;
				CLANG_WARN_UNREACHABLE_CODE = YES;
				CLANG_WARN__DUPLICATE_METHOD_MATCH = YES;
				COPY_PHASE_STRIP = NO;
				DEBUG_INFORMATION_FORMAT = "dwarf-with-dsym";
				ENABLE_NS_ASSERTIONS = NO;
				ENABLE_STRICT_OBJC_MSGSEND = YES;
				ENABLE_USER_SCRIPT_SANDBOXING = YES;
				GCC_C_LANGUAGE_STANDARD = gnu17;
				GCC_NO_COMMON_BLOCKS = YES;
				GCC_WARN_64_TO_32_BIT_CONVERSION = YES;
				GCC_WARN_ABOUT_RETURN_TYPE = YES_ERROR;
				GCC_WARN_UNDECLARED_SELECTOR = YES;
				GCC_WARN_UNINITIALIZED_AUTOS = YES_AGGRESSIVE;
				GCC_WARN_UNUSED_FUNCTION = YES;
				GCC_WARN_UNUSED_VARIABLE = YES;
				IPHONEOS_DEPLOYMENT_TARGET = 18.2;
				LOCALIZATION_PREFERS_STRING_CATALOGS = YES;
				MTL_ENABLE_DEBUG_INFO = NO;
				MTL_FAST_MATH = YES;
				SDKROOT = iphoneos;
				SWIFT_COMPILATION_MODE = wholemodule;
				VALIDATE_PRODUCT = YES;
			};
			name = Release;
		};
		FE6BE3A72E026BF000651E9A /* Debug */ = {
			isa = XCBuildConfiguration;
			buildSettings = {
				ASSETCATALOG_COMPILER_APPICON_NAME = AppIcon;
				ASSETCATALOG_COMPILER_GLOBAL_ACCENT_COLOR_NAME = AccentColor;
				CODE_SIGN_ENTITLEMENTS = tempo/tempo.entitlements;
				CODE_SIGN_STYLE = Automatic;
				CURRENT_PROJECT_VERSION = 1;
				DEVELOPMENT_ASSET_PATHS = "\"tempo/Preview Content\"";
				DEVELOPMENT_TEAM = "";
				ENABLE_PREVIEWS = YES;
				GENERATE_INFOPLIST_FILE = YES;
				INFOPLIST_KEY_NSLocationAlwaysAndWhenInUseUsageDescription = "백그라운드에서 현재 위치의 날씨 정보를 업데이트하기 위해 위치 정보가 필요합니다.";
				INFOPLIST_KEY_NSLocationWhenInUseUsageDescription = "현재 위치의 날씨 정보를 가져오기 위해 위치 정보가 필요합니다.";
				INFOPLIST_KEY_UIApplicationSceneManifest_Generation = YES;
				INFOPLIST_KEY_UIApplicationSupportsIndirectInputEvents = YES;
				INFOPLIST_KEY_UILaunchScreen_Generation = YES;
				INFOPLIST_KEY_UISupportedInterfaceOrientations_iPad = "UIInterfaceOrientationPortrait UIInterfaceOrientationPortraitUpsideDown UIInterfaceOrientationLandscapeLeft UIInterfaceOrientationLandscapeRight";
				INFOPLIST_KEY_UISupportedInterfaceOrientations_iPhone = "UIInterfaceOrientationPortrait UIInterfaceOrientationLandscapeLeft UIInterfaceOrientationLandscapeRight";
				LD_RUNPATH_SEARCH_PATHS = (
					"$(inherited)",
					"@executable_path/Frameworks",
				);
				MARKETING_VERSION = 1.0;
				PRODUCT_BUNDLE_IDENTIFIER = com.example.tempo;
				PRODUCT_NAME = "$(TARGET_NAME)";
				SWIFT_EMIT_LOC_STRINGS = YES;
				SWIFT_VERSION = 5.0;
				TARGETED_DEVICE_FAMILY = "1,2";
			};
			name = Debug;
		};
		FE6BE3A82E026BF000651E9A /* Release */ = {
			isa = XCBuildConfiguration;
			buildSettings = {
				ASSETCATALOG_COMPILER_APPICON_NAME = AppIcon;
				ASSETCATALOG_COMPILER_GLOBAL_ACCENT_COLOR_NAME = AccentColor;
				CODE_SIGN_ENTITLEMENTS = tempo/tempo.entitlements;
				CODE_SIGN_STYLE = Automatic;
				CURRENT_PROJECT_VERSION = 1;
				DEVELOPMENT_ASSET_PATHS = "\"tempo/Preview Content\"";
				DEVELOPMENT_TEAM = "";
				ENABLE_PREVIEWS = YES;
				GENERATE_INFOPLIST_FILE = YES;
				INFOPLIST_KEY_NSLocationAlwaysAndWhenInUseUsageDescription = "백그라운드에서 현재 위치의 날씨 정보를 업데이트하기 위해 위치 정보가 필요합니다.";
				INFOPLIST_KEY_NSLocationWhenInUseUsageDescription = "현재 위치의 날씨 정보를 가져오기 위해 위치 정보가 필요합니다.";
				INFOPLIST_KEY_UIApplicationSceneManifest_Generation = YES;
				INFOPLIST_KEY_UIApplicationSupportsIndirectInputEvents = YES;
				INFOPLIST_KEY_UILaunchScreen_Generation = YES;
				INFOPLIST_KEY_UISupportedInterfaceOrientations_iPad = "UIInterfaceOrientationPortrait UIInterfaceOrientationPortraitUpsideDown UIInterfaceOrientationLandscapeLeft UIInterfaceOrientationLandscapeRight";
				INFOPLIST_KEY_UISupportedInterfaceOrientations_iPhone = "UIInterfaceOrientationPortrait UIInterfaceOrientationLandscapeLeft UIInterfaceOrientationLandscapeRight";
				LD_RUNPATH_SEARCH_PATHS = (
					"$(inherited)",
					"@executable_path/Frameworks",
				);
				MARKETING_VERSION = 1.0;
				PRODUCT_BUNDLE_IDENTIFIER = com.example.tempo;
				PRODUCT_NAME = "$(TARGET_NAME)";
				SWIFT_EMIT_LOC_STRINGS = YES;
				SWIFT_VERSION = 5.0;
				TARGETED_DEVICE_FAMILY = "1,2";
			};
			name = Release;
		};
		FE6BE3AA2E026BF000651E9A /* Debug */ = {
			isa = XCBuildConfiguration;
			buildSettings = {
				BUNDLE_LOADER = "$(TEST_HOST)";
				CODE_SIGN_STYLE = Automatic;
				CURRENT_PROJECT_VERSION = 1;
				GENERATE_INFOPLIST_FILE = YES;
				IPHONEOS_DEPLOYMENT_TARGET = 18.2;
				MARKETING_VERSION = 1.0;
				PRODUCT_BUNDLE_IDENTIFIER = com.example.tempoTests;
				PRODUCT_NAME = "$(TARGET_NAME)";
				SWIFT_EMIT_LOC_STRINGS = NO;
				SWIFT_VERSION = 5.0;
				TARGETED_DEVICE_FAMILY = "1,2";
				TEST_HOST = "$(BUILT_PRODUCTS_DIR)/tempo.app/$(BUNDLE_EXECUTABLE_FOLDER_PATH)/tempo";
			};
			name = Debug;
		};
		FE6BE3AB2E026BF000651E9A /* Release */ = {
			isa = XCBuildConfiguration;
			buildSettings = {
				BUNDLE_LOADER = "$(TEST_HOST)";
				CODE_SIGN_STYLE = Automatic;
				CURRENT_PROJECT_VERSION = 1;
				GENERATE_INFOPLIST_FILE = YES;
				IPHONEOS_DEPLOYMENT_TARGET = 18.2;
				MARKETING_VERSION = 1.0;
				PRODUCT_BUNDLE_IDENTIFIER = com.example.tempoTests;
				PRODUCT_NAME = "$(TARGET_NAME)";
				SWIFT_EMIT_LOC_STRINGS = NO;
				SWIFT_VERSION = 5.0;
				TARGETED_DEVICE_FAMILY = "1,2";
				TEST_HOST = "$(BUILT_PRODUCTS_DIR)/tempo.app/$(BUNDLE_EXECUTABLE_FOLDER_PATH)/tempo";
			};
			name = Release;
		};
		FE6BE3AD2E026BF000651E9A /* Debug */ = {
			isa = XCBuildConfiguration;
			buildSettings = {
				CODE_SIGN_STYLE = Automatic;
				CURRENT_PROJECT_VERSION = 1;
				GENERATE_INFOPLIST_FILE = YES;
				MARKETING_VERSION = 1.0;
				PRODUCT_BUNDLE_IDENTIFIER = com.example.tempoUITests;
				PRODUCT_NAME = "$(TARGET_NAME)";
				SWIFT_EMIT_LOC_STRINGS = NO;
				SWIFT_VERSION = 5.0;
				TARGETED_DEVICE_FAMILY = "1,2";
				TEST_TARGET_NAME = tempo;
			};
			name = Debug;
		};
		FE6BE3AE2E026BF000651E9A /* Release */ = {
			isa = XCBuildConfiguration;
			buildSettings = {
				CODE_SIGN_STYLE = Automatic;
				CURRENT_PROJECT_VERSION = 1;
				GENERATE_INFOPLIST_FILE = YES;
				MARKETING_VERSION = 1.0;
				PRODUCT_BUNDLE_IDENTIFIER = com.example.tempoUITests;
				PRODUCT_NAME = "$(TARGET_NAME)";
				SWIFT_EMIT_LOC_STRINGS = NO;
				SWIFT_VERSION = 5.0;
				TARGETED_DEVICE_FAMILY = "1,2";
				TEST_TARGET_NAME = tempo;
			};
			name = Release;
		};
		FE6BE3CB2E026C9B00651E9A /* Debug */ = {
			isa = XCBuildConfiguration;
			buildSettings = {
				ASSETCATALOG_COMPILER_GLOBAL_ACCENT_COLOR_NAME = AccentColor;
				ASSETCATALOG_COMPILER_WIDGET_BACKGROUND_COLOR_NAME = WidgetBackground;
				CODE_SIGN_ENTITLEMENTS = WeatherWidgetExtension.entitlements;
				CODE_SIGN_STYLE = Automatic;
				CURRENT_PROJECT_VERSION = 1;
				DEVELOPMENT_TEAM = "";
				GENERATE_INFOPLIST_FILE = YES;
				INFOPLIST_FILE = WeatherWidget/Info.plist;
				INFOPLIST_KEY_CFBundleDisplayName = WeatherWidget;
				INFOPLIST_KEY_NSHumanReadableCopyright = "";
				LD_RUNPATH_SEARCH_PATHS = (
					"$(inherited)",
					"@executable_path/Frameworks",
					"@executable_path/../../Frameworks",
				);
				MARKETING_VERSION = 1.0;
				PRODUCT_BUNDLE_IDENTIFIER = com.example.tempo.WeatherWidget;
				PRODUCT_NAME = "$(TARGET_NAME)";
				SKIP_INSTALL = YES;
				SWIFT_EMIT_LOC_STRINGS = YES;
				SWIFT_VERSION = 5.0;
				TARGETED_DEVICE_FAMILY = "1,2";
			};
			name = Debug;
		};
		FE6BE3CC2E026C9B00651E9A /* Release */ = {
			isa = XCBuildConfiguration;
			buildSettings = {
				ASSETCATALOG_COMPILER_GLOBAL_ACCENT_COLOR_NAME = AccentColor;
				ASSETCATALOG_COMPILER_WIDGET_BACKGROUND_COLOR_NAME = WidgetBackground;
				CODE_SIGN_ENTITLEMENTS = WeatherWidgetExtension.entitlements;
				CODE_SIGN_STYLE = Automatic;
				CURRENT_PROJECT_VERSION = 1;
				DEVELOPMENT_TEAM = "";
				GENERATE_INFOPLIST_FILE = YES;
				INFOPLIST_FILE = WeatherWidget/Info.plist;
				INFOPLIST_KEY_CFBundleDisplayName = WeatherWidget;
				INFOPLIST_KEY_NSHumanReadableCopyright = "";
				LD_RUNPATH_SEARCH_PATHS = (
					"$(inherited)",
					"@executable_path/Frameworks",
					"@executable_path/../../Frameworks",
				);
				MARKETING_VERSION = 1.0;
				PRODUCT_BUNDLE_IDENTIFIER = com.example.tempo.WeatherWidget;
				PRODUCT_NAME = "$(TARGET_NAME)";
				SKIP_INSTALL = YES;
				SWIFT_EMIT_LOC_STRINGS = YES;
				SWIFT_VERSION = 5.0;
				TARGETED_DEVICE_FAMILY = "1,2";
			};
			name = Release;
		};
/* End XCBuildConfiguration section */

/* Begin XCConfigurationList section */
		FE6BE37D2E026BEF00651E9A /* Build configuration list for PBXProject "tempo" */ = {
			isa = XCConfigurationList;
			buildConfigurations = (
				FE6BE3A42E026BF000651E9A /* Debug */,
				FE6BE3A52E026BF000651E9A /* Release */,
			);
			defaultConfigurationIsVisible = 0;
			defaultConfigurationName = Release;
		};
		FE6BE3A62E026BF000651E9A /* Build configuration list for PBXNativeTarget "tempo" */ = {
			isa = XCConfigurationList;
			buildConfigurations = (
				FE6BE3A72E026BF000651E9A /* Debug */,
				FE6BE3A82E026BF000651E9A /* Release */,
			);
			defaultConfigurationIsVisible = 0;
			defaultConfigurationName = Release;
		};
		FE6BE3A92E026BF000651E9A /* Build configuration list for PBXNativeTarget "tempoTests" */ = {
			isa = XCConfigurationList;
			buildConfigurations = (
				FE6BE3AA2E026BF000651E9A /* Debug */,
				FE6BE3AB2E026BF000651E9A /* Release */,
			);
			defaultConfigurationIsVisible = 0;
			defaultConfigurationName = Release;
		};
		FE6BE3AC2E026BF000651E9A /* Build configuration list for PBXNativeTarget "tempoUITests" */ = {
			isa = XCConfigurationList;
			buildConfigurations = (
				FE6BE3AD2E026BF000651E9A /* Debug */,
				FE6BE3AE2E026BF000651E9A /* Release */,
			);
			defaultConfigurationIsVisible = 0;
			defaultConfigurationName = Release;
		};
		FE6BE3CA2E026C9B00651E9A /* Build configuration list for PBXNativeTarget "WeatherWidgetExtension" */ = {
			isa = XCConfigurationList;
			buildConfigurations = (
				FE6BE3CB2E026C9B00651E9A /* Debug */,
				FE6BE3CC2E026C9B00651E9A /* Release */,
			);
			defaultConfigurationIsVisible = 0;
			defaultConfigurationName = Release;
		};
/* End XCConfigurationList section */
	};
	rootObject = FE6BE37A2E026BEF00651E9A /* Project object */;
}
